
Microsoft Visual Studio Solution File, Format Version 12.00
# Visual Studio Version 16
VisualStudioVersion = 16.0.810.19
MinimumVisualStudioVersion = 10.0.40219.1
Project("{FAE04EC0-301F-11D3-BF4B-00C04F79EFBC}") = "RealTimeChatApp", "RealTimeChatApp\RealTimeChatApp.csproj", "{718933B9-406D-470A-BCF5-296E30F656BE}"
EndProject
Global
	GlobalSection(SolutionConfigurationPlatforms) = preSolution
		Debug|Any CPU = Debug|Any CPU
		Release|Any CPU = Release|Any CPU
	EndGlobalSection
	GlobalSection(ProjectConfigurationPlatforms) = postSolution
		{718933B9-406D-470A-BCF5-296E30F656BE}.Debug|Any CPU.ActiveCfg = Debug|Any CPU
		{718933B9-406D-470A-BCF5-296E30F656BE}.Debug|Any CPU.Build.0 = Debug|Any CPU
		{718933B9-406D-470A-BCF5-296E30F656BE}.Release|Any CPU.ActiveCfg = Release|Any CPU
		{718933B9-406D-470A-BCF5-296E30F656BE}.Release|Any CPU.Build.0 = Release|Any CPU
	EndGlobalSection
	GlobalSection(SolutionProperties) = preSolution
		HideSolutionNode = FALSE
	EndGlobalSection
	GlobalSection(ExtensibilityGlobals) = postSolution
		SolutionGuid = {CC4AB935-4050-421B-9D2C-4BA99A4E9DFF}
	EndGlobalSection
EndGlobal
